
Microsoft Visual Studio Solution File, Format Version 12.00
# Visual Studio Version 16
VisualStudioVersion = 16.0.30517.126
MinimumVisualStudioVersion = 10.0.40219.1
Project("{9A19103F-16F7-4668-BE54-9A1E7A4F7556}") = "QuickFood", "QuickFood\QuickFood.csproj", "{31012707-D4EF-479C-BA43-3087A3D41409}"
EndProject
Project("{9A19103F-16F7-4668-BE54-9A1E7A4F7556}") = "QuickFood.Common", "QuickFood.Common\QuickFood.Common.csproj", "{5C5FAFD5-36A6-4280-8F3E-1D50277BCF4F}"
EndProject
Project("{9A19103F-16F7-4668-BE54-9A1E7A4F7556}") = "QuickFood.Services", "QuickFood.Services\QuickFood.Services.csproj", "{F344FFC9-ED77-46E8-923C-B4A2A17C98CC}"
EndProject
Project("{9A19103F-16F7-4668-BE54-9A1E7A4F7556}") = "QuickFood.Models", "QuickFood.Models\QuickFood.Models.csproj", "{728442D4-0AC5-446C-9DA3-5AD0312C617F}"
EndProject
Project("{FAE04EC0-301F-11D3-BF4B-00C04F79EFBC}") = "QuickFood.Repositories", "QuickFood.Repositories\QuickFood.Repositories.csproj", "{F6C9DBC2-9BD8-4D66-BDEB-44DECFE06BEC}"
EndProject
Global
	GlobalSection(SolutionConfigurationPlatforms) = preSolution
		Debug|Any CPU = Debug|Any CPU
		Release|Any CPU = Release|Any CPU
	EndGlobalSection
	GlobalSection(ProjectConfigurationPlatforms) = postSolution
		{31012707-D4EF-479C-BA43-3087A3D41409}.Debug|Any CPU.ActiveCfg = Debug|Any CPU
		{31012707-D4EF-479C-BA43-3087A3D41409}.Debug|Any CPU.Build.0 = Debug|Any CPU
		{31012707-D4EF-479C-BA43-3087A3D41409}.Release|Any CPU.ActiveCfg = Release|Any CPU
		{31012707-D4EF-479C-BA43-3087A3D41409}.Release|Any CPU.Build.0 = Release|Any CPU
		{5C5FAFD5-36A6-4280-8F3E-1D50277BCF4F}.Debug|Any CPU.ActiveCfg = Debug|Any CPU
		{5C5FAFD5-36A6-4280-8F3E-1D50277BCF4F}.Debug|Any CPU.Build.0 = Debug|Any CPU
		{5C5FAFD5-36A6-4280-8F3E-1D50277BCF4F}.Release|Any CPU.ActiveCfg = Release|Any CPU
		{5C5FAFD5-36A6-4280-8F3E-1D50277BCF4F}.Release|Any CPU.Build.0 = Release|Any CPU
		{F344FFC9-ED77-46E8-923C-B4A2A17C98CC}.Debug|Any CPU.ActiveCfg = Debug|Any CPU
		{F344FFC9-ED77-46E8-923C-B4A2A17C98CC}.Debug|Any CPU.Build.0 = Debug|Any CPU
		{F344FFC9-ED77-46E8-923C-B4A2A17C98CC}.Release|Any CPU.ActiveCfg = Release|Any CPU
		{F344FFC9-ED77-46E8-923C-B4A2A17C98CC}.Release|Any CPU.Build.0 = Release|Any CPU
		{728442D4-0AC5-446C-9DA3-5AD0312C617F}.Debug|Any CPU.ActiveCfg = Debug|Any CPU
		{728442D4-0AC5-446C-9DA3-5AD0312C617F}.Debug|Any CPU.Build.0 = Debug|Any CPU
		{728442D4-0AC5-446C-9DA3-5AD0312C617F}.Release|Any CPU.ActiveCfg = Release|Any CPU
		{728442D4-0AC5-446C-9DA3-5AD0312C617F}.Release|Any CPU.Build.0 = Release|Any CPU
		{F6C9DBC2-9BD8-4D66-BDEB-44DECFE06BEC}.Debug|Any CPU.ActiveCfg = Debug|Any CPU
		{F6C9DBC2-9BD8-4D66-BDEB-44DECFE06BEC}.Debug|Any CPU.Build.0 = Debug|Any CPU
		{F6C9DBC2-9BD8-4D66-BDEB-44DECFE06BEC}.Release|Any CPU.ActiveCfg = Release|Any CPU
		{F6C9DBC2-9BD8-4D66-BDEB-44DECFE06BEC}.Release|Any CPU.Build.0 = Release|Any CPU
	EndGlobalSection
	GlobalSection(SolutionProperties) = preSolution
		HideSolutionNode = FALSE
	EndGlobalSection
	GlobalSection(ExtensibilityGlobals) = postSolution
		SolutionGuid = {E89CBF70-F98B-4ACE-AC08-AD76C217C630}
	EndGlobalSection
EndGlobal
